
Microsoft Visual Studio Solution File, Format Version 12.00
# Visual Studio Version 17
VisualStudioVersion = 17.1.32414.318
MinimumVisualStudioVersion = 10.0.40219.1
Project("{888888A0-9F3D-457C-B088-3A5042F75D52}") = "PythonGame", "PythonGame.pyproj", "{C8C17863-51FB-4D7B-9C12-7ED7D17CF17E}"
EndProject
Global
	GlobalSection(SolutionConfigurationPlatforms) = preSolution
		Debug|Any CPU = Debug|Any CPU
		Release|Any CPU = Release|Any CPU
	EndGlobalSection
	GlobalSection(ProjectConfigurationPlatforms) = postSolution
		{C8C17863-51FB-4D7B-9C12-7ED7D17CF17E}.Debug|Any CPU.ActiveCfg = Debug|Any CPU
		{C8C17863-51FB-4D7B-9C12-7ED7D17CF17E}.Release|Any CPU.ActiveCfg = Release|Any CPU
	EndGlobalSection
	GlobalSection(SolutionProperties) = preSolution
		HideSolutionNode = FALSE
	EndGlobalSection
	GlobalSection(ExtensibilityGlobals) = postSolution
		SolutionGuid = {BE0979D7-BC71-4152-A580-F1B90E3773CD}
	EndGlobalSection
EndGlobal
